
Microsoft Visual Studio Solution File, Format Version 11.00
# Visual Studio 2010
Project("{FAE04EC0-301F-11D3-BF4B-00C04F79EFBC}") = "WebChat", "WebChat\WebChat.csproj", "{EFD1EC65-73E3-453F-A0FA-8AC301F70650}"
EndProject
Global
	GlobalSection(SolutionConfigurationPlatforms) = preSolution
		Debug|Any CPU = Debug|Any CPU
		Release|Any CPU = Release|Any CPU
	EndGlobalSection
	GlobalSection(ProjectConfigurationPlatforms) = postSolution
		{EFD1EC65-73E3-453F-A0FA-8AC301F70650}.Debug|Any CPU.ActiveCfg = Release|Any CPU
		{EFD1EC65-73E3-453F-A0FA-8AC301F70650}.Debug|Any CPU.Build.0 = Release|Any CPU
		{EFD1EC65-73E3-453F-A0FA-8AC301F70650}.Release|Any CPU.ActiveCfg = Release|Any CPU
		{EFD1EC65-73E3-453F-A0FA-8AC301F70650}.Release|Any CPU.Build.0 = Release|Any CPU
	EndGlobalSection
	GlobalSection(SolutionProperties) = preSolution
		HideSolutionNode = FALSE
	EndGlobalSection
EndGlobal
